github.com/cybergarage/go-logger v1.3.8 h1:Law2nkLjH5tJDNISMVUjT7F46x4DaZuBUyWULMs30zY=
github.com/cybergarage/go-logger v1.3.8/go.mod h1:a7B/AZjPoA1W8EU/458vdCv6YWtRJI7Q9rofUcZjiho=
github.com/cybergarage/go-logger v1.3.11 h1:NwnC7cD/IDkdwBYhSODXaMEBmAu3c/jK4Q2XDsg1fno=
github.com/cybergarage/go-logger v1.3.11/go.mod h1:SU5vzAFJOTs89JXk+Jn89RaNmcR07parcJgnW4e8aDw=
